
Microsoft Visual Studio Solution File, Format Version 12.00
# Visual Studio Version 17
VisualStudioVersion = 17.11.35327.3
MinimumVisualStudioVersion = 10.0.40219.1
Project("{FAE04EC0-301F-11D3-BF4B-00C04F79EFBC}") = "phoneBook", "phoneBook.csproj", "{4A1BA3B8-3F48-4825-86B2-5A5AAC47F901}"
EndProject
Global
	GlobalSection(SolutionConfigurationPlatforms) = preSolution
		Debug|Any CPU = Debug|Any CPU
		Release|Any CPU = Release|Any CPU
	EndGlobalSection
	GlobalSection(ProjectConfigurationPlatforms) = postSolution
		{4A1BA3B8-3F48-4825-86B2-5A5AAC47F901}.Debug|Any CPU.ActiveCfg = Debug|Any CPU
		{4A1BA3B8-3F48-4825-86B2-5A5AAC47F901}.Debug|Any CPU.Build.0 = Debug|Any CPU
		{4A1BA3B8-3F48-4825-86B2-5A5AAC47F901}.Release|Any CPU.ActiveCfg = Release|Any CPU
		{4A1BA3B8-3F48-4825-86B2-5A5AAC47F901}.Release|Any CPU.Build.0 = Release|Any CPU
	EndGlobalSection
	GlobalSection(SolutionProperties) = preSolution
		HideSolutionNode = FALSE
	EndGlobalSection
	GlobalSection(ExtensibilityGlobals) = postSolution
		SolutionGuid = {21C7937D-619B-4075-B3AD-85326D0B91BF}
	EndGlobalSection
EndGlobal
